<?xml version="1.0" encoding="utf-8"?>
<Project xmlns="http://schemas.microsoft.com/developer/msbuild/2003" ToolsVersion="4.0">
  <ItemGroup>
    <Filter Include="Header Files">
      <UniqueIdentifier>{4D1BFFCC-9CEB-4ABF-A951-582870FE71FD}</UniqueIdentifier>
      <Extensions>h;hpp;hxx;hm;inl;inc;xsd</Extensions>
    </Filter>
    <Filter Include="Header Files\TouchGFX">
      <UniqueIdentifier>{29C60541-803D-4F43-8683-028D9DA5E0CB}</UniqueIdentifier>
    </Filter>
    <Filter Include="Header Files\TouchGFX\common">
      <UniqueIdentifier>{AF2BF67C-89EC-4545-B0D2-5BD6803628D4}</UniqueIdentifier>
    </Filter>
    <Filter Include="Header Files\TouchGFX\mvp">
      <UniqueIdentifier>{A8F51E02-A400-49F1-AC86-371872A7E5E6}</UniqueIdentifier>
    </Filter>
    <Filter Include="Header Files\TouchGFX\platform">
      <UniqueIdentifier>{493CF637-721C-4516-8638-3EE4790FB455}</UniqueIdentifier>
    </Filter>
    <Filter Include="Header Files\TouchGFX\touchgfx">
      <UniqueIdentifier>{7187028B-6482-4EB3-8556-EECD38E0636B}</UniqueIdentifier>
    </Filter>
    <Filter Include="Header Files\TouchGFX\platform\driver">
      <UniqueIdentifier>{D2E6B448-6B79-434F-A8EB-C8F8415957E9}</UniqueIdentifier>
    </Filter>
    <Filter Include="Header Files\TouchGFX\platform\hal">
      <UniqueIdentifier>{07737357-9365-4A8F-B2F6-908B5FC4E808}</UniqueIdentifier>
    </Filter>
    <Filter Include="Header Files\TouchGFX\touchgfx\canvas_widget_renderer">
      <UniqueIdentifier>{085B248B-6BE1-4BF8-9913-35526BAEE4C7}</UniqueIdentifier>
    </Filter>
    <Filter Include="Header Files\TouchGFX\touchgfx\containers">
      <UniqueIdentifier>{E08C6B18-2F0E-4861-87D5-80FB0411017E}</UniqueIdentifier>
    </Filter>
    <Filter Include="Header Files\TouchGFX\touchgfx\events">
      <UniqueIdentifier>{29D72404-E5CB-472C-B00F-3784DF3CCD1E}</UniqueIdentifier>
    </Filter>
    <Filter Include="Header Files\TouchGFX\touchgfx\hal">
      <UniqueIdentifier>{09561B72-532B-45EB-8E32-CAA31C349F83}</UniqueIdentifier>
    </Filter>
    <Filter Include="Header Files\TouchGFX\touchgfx\lcd">
      <UniqueIdentifier>{A89B6308-CBC1-48EC-BF14-B3C6106FACCE}</UniqueIdentifier>
    </Filter>
    <Filter Include="Header Files\TouchGFX\touchgfx\mixins">
      <UniqueIdentifier>{DB82A963-BE52-4494-BD5E-358C5E79C081}</UniqueIdentifier>
    </Filter>
    <Filter Include="Header Files\TouchGFX\touchgfx\transforms">
      <UniqueIdentifier>{509E01BB-FBF4-4198-B748-936C1B67839A}</UniqueIdentifier>
    </Filter>
    <Filter Include="Header Files\TouchGFX\touchgfx\transitions">
      <UniqueIdentifier>{3F023E56-225A-4D4C-9D20-74447A23BAD9}</UniqueIdentifier>
    </Filter>
    <Filter Include="Header Files\TouchGFX\touchgfx\widgets">
      <UniqueIdentifier>{0E9A8FD3-B71B-46B9-B1F6-3A18292FFAC4}</UniqueIdentifier>
    </Filter>
    <Filter Include="Header Files\TouchGFX\platform\driver\lcd">
      <UniqueIdentifier>{9B32A742-EBA9-4EBA-832E-0421D7E68BC5}</UniqueIdentifier>
    </Filter>
    <Filter Include="Header Files\TouchGFX\platform\driver\touch">
      <UniqueIdentifier>{8C31441B-2191-4B32-869D-7B253AECB28F}</UniqueIdentifier>
    </Filter>
    <Filter Include="Header Files\TouchGFX\platform\hal\simulator">
      <UniqueIdentifier>{464CC9FB-AFF6-4FFA-B4D8-BCAC4B2B8898}</UniqueIdentifier>
    </Filter>
    <Filter Include="Header Files\TouchGFX\touchgfx\containers\clock">
      <UniqueIdentifier>{B7237C13-DD69-4F78-8446-9A554431E3F8}</UniqueIdentifier>
    </Filter>
    <Filter Include="Header Files\TouchGFX\touchgfx\containers\progress_indicators">
      <UniqueIdentifier>{5E0E884F-0059-4306-94BA-3197219750E3}</UniqueIdentifier>
    </Filter>
    <Filter Include="Header Files\TouchGFX\touchgfx\widgets\canvas">
      <UniqueIdentifier>{DBFF640A-BD63-40BC-A0A5-2468BC461037}</UniqueIdentifier>
    </Filter>
    <Filter Include="Header Files\TouchGFX\platform\hal\simulator\sdl2">
      <UniqueIdentifier>{EA3962C0-553C-4CFD-A89B-A116A9493818}</UniqueIdentifier>
    </Filter>
    <Filter Include="Header Files\generated">
      <UniqueIdentifier>{29C60541-803D-4F44-8783-028D9DA5E0CC}</UniqueIdentifier>
    </Filter>
    <Filter Include="Header Files\generated\simulator">
      <UniqueIdentifier>{29C60541-803D-4F43-8683-028D9DA5E0CC}</UniqueIdentifier>
    </Filter>
    <Filter Include="Resource Files">
      <UniqueIdentifier>{92BBFF14-FBDB-4755-BA47-A830D863D92B}</UniqueIdentifier>
      <Extensions>rc;ico;cur;bmp;dlg;rc2;rct;bin;rgs;gif;jpg;jpeg;jpe;resx;tiff;tif;ttf;otf;bdf;png;wav;xlsx;props;mfcribbon-ms</Extensions>
    </Filter>
    <Filter Include="Resource Files\assets">
      <UniqueIdentifier>{AF899B0F-78BE-47F9-A912-E92CB9156E40}</UniqueIdentifier>
    </Filter>
    <Filter Include="Resource Files\config">
      <UniqueIdentifier>{29E8A9F8-6504-4625-AB47-671A3F665E51}</UniqueIdentifier>
    </Filter>
    <Filter Include="Resource Files\assets\texts">
      <UniqueIdentifier>{382278FD-2B19-4E89-AE4F-24AF77E7A270}</UniqueIdentifier>
    </Filter>
    <Filter Include="Resource Files\config\msvs">
      <UniqueIdentifier>{C24EAEDB-9A3F-43DC-87FB-C7AC2729A078}</UniqueIdentifier>
    </Filter>
    <Filter Include="Source Files">
      <UniqueIdentifier>{2F3FC0AA-97C4-4366-9939-94A0FF4E028C}</UniqueIdentifier>
      <Extensions>cpp;c;cc;cxx;def;odl;idl;hpj;bat;asm;asmx</Extensions>
    </Filter>
    <Filter Include="Source Files\TouchGFX">
      <UniqueIdentifier>{C07B02A9-A55E-47AA-AD61-59A6AAD754E6}</UniqueIdentifier>
    </Filter>
    <Filter Include="Source Files\TouchGFX\platform">
      <UniqueIdentifier>{33EDC2DB-AF72-480C-92E5-2A2833BCAB6F}</UniqueIdentifier>
    </Filter>
    <Filter Include="Source Files\TouchGFX\platform\driver">
      <UniqueIdentifier>{1D8EFD90-430A-4539-9080-16A38861D20A}</UniqueIdentifier>
    </Filter>
    <Filter Include="Source Files\TouchGFX\platform\hal">
      <UniqueIdentifier>{E8DECBF2-0C8E-4397-8603-3101D6F922D6}</UniqueIdentifier>
    </Filter>
    <Filter Include="Source Files\TouchGFX\platform\driver\touch">
      <UniqueIdentifier>{40F0D55D-79D9-488A-AF83-ADC96179EADF}</UniqueIdentifier>
    </Filter>
    <Filter Include="Source Files\TouchGFX\platform\hal\simulator">
      <UniqueIdentifier>{3FB50DD5-31DA-4042-B7FD-2151C58CDA80}</UniqueIdentifier>
    </Filter>
    <Filter Include="Source Files\TouchGFX\platform\hal\simulator\sdl2">
      <UniqueIdentifier>{B48CB42B-0F9E-4815-BFE1-1ACC1150ED8A}</UniqueIdentifier>
    </Filter>
    <Filter Include="Source Files\simulator">
      <UniqueIdentifier>{C07B03A9-A55E-47AA-AD61-59A6AAD754E6}</UniqueIdentifier>
    </Filter>
    <Filter Include="Source Files\generated">
      <UniqueIdentifier>{C07B02B9-A55E-47AB-AD61-59A6AAD754E6}</UniqueIdentifier>
    </Filter>
    <Filter Include="Source Files\generated\simulator">
      <UniqueIdentifier>{C07B02B9-A55E-47AA-AD61-59A6AAD754E6}</UniqueIdentifier>
    </Filter>
    <Filter Include="Header Files\gui">
      <UniqueIdentifier>21EF189F-852A-4B2D-3993-2659BA897C9B</UniqueIdentifier>
    </Filter>
    <Filter Include="Source Files\gui">
      <UniqueIdentifier>B7E936E8-3257-9EDE-9A33-46CBB5D4414F</UniqueIdentifier>
    </Filter>
    <Filter Include="Header Files\gui\common">
      <UniqueIdentifier>352AA5E8-3758-005C-C82B-41CDC05F3058</UniqueIdentifier>
    </Filter>
    <Filter Include="Source Files\generated\gui_generated">
      <UniqueIdentifier>EA8D4EA1-D92F-9099-5035-E2FA94C72A75</UniqueIdentifier>
    </Filter>
    <Filter Include="Source Files\gui\common">
      <UniqueIdentifier>572DA416-8234-0104-8CF4-03C24580A8E3</UniqueIdentifier>
    </Filter>
    <Filter Include="Header Files\gui\model">
      <UniqueIdentifier>04EB6F88-D8F9-3094-8617-FDF6F5AE0E99</UniqueIdentifier>
    </Filter>
    <Filter Include="Header Files\generated\gui_generated">
      <UniqueIdentifier>7978815D-449E-DC6F-7640-35CC46DCB467</UniqueIdentifier>
    </Filter>
    <Filter Include="Source Files\gui\model">
      <UniqueIdentifier>4D6BA65D-49E6-CBBD-D3CD-09A498190206</UniqueIdentifier>
    </Filter>
    <Filter Include="Source Files\generated\gui_generated\common">
      <UniqueIdentifier>21A6EEBE-C278-EF49-1E5C-935449E3D30E</UniqueIdentifier>
    </Filter>
    <Filter Include="Header Files\generated\gui_generated\common">
      <UniqueIdentifier>AC4FDCCA-0F5A-4258-3D05-950178496300</UniqueIdentifier>
    </Filter>
    <Filter Include="Source Files\gui\analytics__screen">
      <UniqueIdentifier>062FAA5D-66B4-E31A-2AC5-CA1CCCE93254</UniqueIdentifier>
    </Filter>
    <Filter Include="Source Files\gui\login__screen">
      <UniqueIdentifier>196DA708-BC7C-FA10-9D4E-00D2B57702CD</UniqueIdentifier>
    </Filter>
    <Filter Include="Header Files\gui\login__screen">
      <UniqueIdentifier>35249512-64DF-697B-5EF6-AD0A9CC02F35</UniqueIdentifier>
    </Filter>
    <Filter Include="Header Files\gui\analytics__screen">
      <UniqueIdentifier>83B8E3F1-EB29-CDA7-AFAA-CA9014FD688A</UniqueIdentifier>
    </Filter>
    <Filter Include="Header Files\gui\discret__screen">
      <UniqueIdentifier>6E01E0F2-8BFD-E065-F19D-1CFB7CE5FD8F</UniqueIdentifier>
    </Filter>
    <Filter Include="Source Files\gui\discret__screen">
      <UniqueIdentifier>411E4AE8-136D-C9F1-5A2E-2A564BF89B00</UniqueIdentifier>
    </Filter>
    <Filter Include="Header Files\gui\control__screen">
      <UniqueIdentifier>30E0525B-CCF1-DA39-1538-D652E361D532</UniqueIdentifier>
    </Filter>
    <Filter Include="Source Files\gui\control__screen">
      <UniqueIdentifier>49AF3C6B-166C-0159-5BF0-2BBE240453B4</UniqueIdentifier>
    </Filter>
    <Filter Include="Source Files\generated\gui_generated\control__screen">
      <UniqueIdentifier>61FBCE27-4CA4-B2C6-39CB-1CE1AD07643F</UniqueIdentifier>
    </Filter>
    <Filter Include="Header Files\generated\gui_generated\analytics__screen">
      <UniqueIdentifier>4F55E27A-1D4A-9AAD-77F4-552052E84364</UniqueIdentifier>
    </Filter>
    <Filter Include="Header Files\generated\gui_generated\control__screen">
      <UniqueIdentifier>F20596E7-0345-F2A9-A4A8-F403C84BEFDD</UniqueIdentifier>
    </Filter>
    <Filter Include="Source Files\generated\gui_generated\discret__screen">
      <UniqueIdentifier>83D55B5D-536C-BCE4-62C2-83A6A7885F62</UniqueIdentifier>
    </Filter>
    <Filter Include="Source Files\generated\gui_generated\analytics__screen">
      <UniqueIdentifier>32F3417E-B54C-14AE-14B1-40FD36EC58C0</UniqueIdentifier>
    </Filter>
    <Filter Include="Header Files\generated\gui_generated\discret__screen">
      <UniqueIdentifier>622782BA-6DD9-ABBB-4A2D-08DE923F446E</UniqueIdentifier>
    </Filter>
    <Filter Include="Header Files\generated\gui_generated\login__screen">
      <UniqueIdentifier>8B99CE84-B0B7-B462-8C29-A606F74A5E79</UniqueIdentifier>
    </Filter>
    <Filter Include="Source Files\generated\gui_generated\login__screen">
      <UniqueIdentifier>DA9ED82F-2C4C-AEC9-A12D-F77E57EF18FE</UniqueIdentifier>
    </Filter>
    <Filter Include="Source Files\gui\graphic_3__screen">
      <UniqueIdentifier>1CD1908A-50CC-B42B-3ED3-D93D7D98F735</UniqueIdentifier>
    </Filter>
    <Filter Include="Header Files\gui\graphic_3__screen">
      <UniqueIdentifier>0C23BB13-50BB-678A-9B5B-FE9FCD29AACA</UniqueIdentifier>
    </Filter>
    <Filter Include="Header Files\gui\graphic_2__screen">
      <UniqueIdentifier>44D9B6A1-C8C3-B12D-F255-4B3FF2EBA1B5</UniqueIdentifier>
    </Filter>
    <Filter Include="Source Files\gui\graphic_2__screen">
      <UniqueIdentifier>4024B5F3-AE69-D6AC-348B-DEEA1E9957B0</UniqueIdentifier>
    </Filter>
    <Filter Include="Source Files\gui\graphic_4__screen">
      <UniqueIdentifier>9C608B53-6DA2-4989-5C2E-5A1D4C18A3CD</UniqueIdentifier>
    </Filter>
    <Filter Include="Header Files\gui\graphic_1__screen">
      <UniqueIdentifier>4075E128-EDA9-6A2C-817D-427B73AB5508</UniqueIdentifier>
    </Filter>
    <Filter Include="Header Files\gui\graphic_4__screen">
      <UniqueIdentifier>ED36646E-452E-1881-AD97-4CDDC16C6D9D</UniqueIdentifier>
    </Filter>
    <Filter Include="Source Files\gui\graphic_1__screen">
      <UniqueIdentifier>C1C5F196-6F70-5CF7-E42F-9A18D7129FC7</UniqueIdentifier>
    </Filter>
    <Filter Include="Source Files\gui\archive__screen">
      <UniqueIdentifier>49D49A35-D73C-650A-4A92-CA164BD001E3</UniqueIdentifier>
    </Filter>
    <Filter Include="Header Files\gui\archive__screen">
      <UniqueIdentifier>8E0A01BE-4165-BD1A-B37A-EE8B27F5406B</UniqueIdentifier>
    </Filter>
    <Filter Include="Source Files\generated\gui_generated\archive__screen">
      <UniqueIdentifier>270ACEB3-C94F-12F2-8666-9126B16E3D09</UniqueIdentifier>
    </Filter>
    <Filter Include="Header Files\generated\gui_generated\archive__screen">
      <UniqueIdentifier>43E2CC3C-C133-394C-793A-D210135E1768</UniqueIdentifier>
    </Filter>
    <Filter Include="Header Files\generated\gui_generated\graphic_4__screen">
      <UniqueIdentifier>77962EB0-B3B6-5E3C-BDAE-E013E03F5E1A</UniqueIdentifier>
    </Filter>
    <Filter Include="Source Files\generated\gui_generated\graphic_4__screen">
      <UniqueIdentifier>3BD0EEC6-EB70-DD66-F88A-BADC674815FB</UniqueIdentifier>
    </Filter>
    <Filter Include="Source Files\generated\gui_generated\graphic_1__screen">
      <UniqueIdentifier>DE70B711-10EF-1821-BA6B-D4A037BEE444</UniqueIdentifier>
    </Filter>
    <Filter Include="Header Files\generated\gui_generated\graphic_3__screen">
      <UniqueIdentifier>CAA8C81F-EA90-D8E4-01C2-FAB58B80CE1D</UniqueIdentifier>
    </Filter>
    <Filter Include="Header Files\generated\gui_generated\graphic_1__screen">
      <UniqueIdentifier>2BBBB1BF-6EF2-3A22-7135-5CAD449BE058</UniqueIdentifier>
    </Filter>
    <Filter Include="Source Files\generated\gui_generated\graphic_3__screen">
      <UniqueIdentifier>33DDEEBC-A52D-97F7-D455-F5F93D5A1DCB</UniqueIdentifier>
    </Filter>
    <Filter Include="Source Files\generated\gui_generated\graphic_2__screen">
      <UniqueIdentifier>5C1FFE3C-841E-CA33-3712-F4A8F2ECF16D</UniqueIdentifier>
    </Filter>
    <Filter Include="Header Files\generated\gui_generated\graphic_2__screen">
      <UniqueIdentifier>D5C1AAF8-6DAA-95F9-99BD-5C5CE1A9C81C</UniqueIdentifier>
    </Filter>
    <Filter Include="Source Files\gui\containers">
      <UniqueIdentifier>A7E00D4B-DA0F-2576-54B3-16086AF2D6C9</UniqueIdentifier>
    </Filter>
    <Filter Include="Header Files\gui\containers">
      <UniqueIdentifier>C6C780BD-6054-4850-7378-3D2085018447</UniqueIdentifier>
    </Filter>
    <Filter Include="Header Files\generated\gui_generated\containers">
      <UniqueIdentifier>863DB85B-40BD-09CB-472C-F34C650CFFBD</UniqueIdentifier>
    </Filter>
    <Filter Include="Source Files\generated\gui_generated\containers">
      <UniqueIdentifier>26C7FBE7-1659-0674-6DD7-62F1DB01E119</UniqueIdentifier>
    </Filter>
    <Filter Include="Header Files\gui\settings__screen">
      <UniqueIdentifier>98060E37-C2A4-3925-1A8B-8588F734E78B</UniqueIdentifier>
    </Filter>
    <Filter Include="Source Files\gui\settings__screen">
      <UniqueIdentifier>741ECBD3-590D-E1F6-F8CE-9AE95ED9D45B</UniqueIdentifier>
    </Filter>
    <Filter Include="Source Files\generated\gui_generated\settings__screen">
      <UniqueIdentifier>C74A9DF1-26D4-D25C-86F8-4ADFDC9BE276</UniqueIdentifier>
    </Filter>
    <Filter Include="Header Files\generated\gui_generated\settings__screen">
      <UniqueIdentifier>ADAE6122-052E-668A-2465-CBF732330D4C</UniqueIdentifier>
    </Filter>
  </ItemGroup>
  <ItemGroup>
    <ClCompile Include="$(TouchGFXReleasePath)\framework\source\platform\driver\touch\SDL2TouchController.cpp">
      <Filter>Source Files\TouchGFX\platform\driver\touch</Filter>
    </ClCompile>
    <ClCompile Include="$(TouchGFXReleasePath)\framework\source\platform\hal\simulator\sdl2\HALSDL2.cpp">
      <Filter>Source Files\TouchGFX\platform\hal\simulator\sdl2</Filter>
    </ClCompile>
    <ClCompile Include="$(TouchGFXReleasePath)\framework\source\platform\hal\simulator\sdl2\HALSDL2_icon.cpp">
      <Filter>Source Files\TouchGFX\platform\hal\simulator\sdl2</Filter>
    </ClCompile>
    <ClCompile Include="$(TouchGFXReleasePath)\framework\source\platform\hal\simulator\sdl2\OSWrappers.cpp">
      <Filter>Source Files\TouchGFX\platform\hal\simulator\sdl2</Filter>
    </ClCompile>
    <ClCompile Include="$(ApplicationRoot)\simulator\main.cpp">
      <Filter>Source Files\simulator</Filter>
    </ClCompile>
    <ClCompile Include="$(ApplicationRoot)\generated\simulator\src\mainBase.cpp">
      <Filter>Source Files\generated\simulator</Filter>
    </ClCompile>
    <ClCompile Include="..\..\gui\src\common\FrontendApplication.cpp">
      <Filter>Source Files\gui\common</Filter>
    </ClCompile>
    <ClCompile Include="..\..\generated\gui_generated\src\common\FrontendApplicationBase.cpp">
      <Filter>Source Files\generated\gui_generated\common</Filter>
    </ClCompile>
    <ClCompile Include="..\..\gui\src\model\Model.cpp">
      <Filter>Source Files\gui\model</Filter>
    </ClCompile>
    <ClCompile Include="..\..\gui\src\analytics__screen\Analytics_Presenter.cpp">
      <Filter>Source Files\gui\analytics__screen</Filter>
    </ClCompile>
    <ClCompile Include="..\..\gui\src\analytics__screen\Analytics_View.cpp">
      <Filter>Source Files\gui\analytics__screen</Filter>
    </ClCompile>
    <ClCompile Include="..\..\generated\gui_generated\src\analytics__screen\Analytics_ViewBase.cpp">
      <Filter>Source Files\generated\gui_generated\analytics__screen</Filter>
    </ClCompile>
    <ClCompile Include="..\..\gui\src\control__screen\Control_Presenter.cpp">
      <Filter>Source Files\gui\control__screen</Filter>
    </ClCompile>
    <ClCompile Include="..\..\gui\src\control__screen\Control_View.cpp">
      <Filter>Source Files\gui\control__screen</Filter>
    </ClCompile>
    <ClCompile Include="..\..\generated\gui_generated\src\control__screen\Control_ViewBase.cpp">
      <Filter>Source Files\generated\gui_generated\control__screen</Filter>
    </ClCompile>
    <ClCompile Include="..\..\gui\src\discret__screen\Discret_Presenter.cpp">
      <Filter>Source Files\gui\discret__screen</Filter>
    </ClCompile>
    <ClCompile Include="..\..\gui\src\discret__screen\Discret_View.cpp">
      <Filter>Source Files\gui\discret__screen</Filter>
    </ClCompile>
    <ClCompile Include="..\..\generated\gui_generated\src\discret__screen\Discret_ViewBase.cpp">
      <Filter>Source Files\generated\gui_generated\discret__screen</Filter>
    </ClCompile>
    <ClCompile Include="..\..\gui\src\login__screen\Login_Presenter.cpp">
      <Filter>Source Files\gui\login__screen</Filter>
    </ClCompile>
    <ClCompile Include="..\..\gui\src\login__screen\Login_View.cpp">
      <Filter>Source Files\gui\login__screen</Filter>
    </ClCompile>
    <ClCompile Include="..\..\generated\gui_generated\src\login__screen\Login_ViewBase.cpp">
      <Filter>Source Files\generated\gui_generated\login__screen</Filter>
    </ClCompile>
    <ClCompile Include="..\..\gui\src\archive__screen\Archive_Presenter.cpp">
      <Filter>Source Files\gui\archive__screen</Filter>
    </ClCompile>
    <ClCompile Include="..\..\gui\src\archive__screen\Archive_View.cpp">
      <Filter>Source Files\gui\archive__screen</Filter>
    </ClCompile>
    <ClCompile Include="..\..\generated\gui_generated\src\archive__screen\Archive_ViewBase.cpp">
      <Filter>Source Files\generated\gui_generated\archive__screen</Filter>
    </ClCompile>
    <ClCompile Include="..\..\gui\src\graphic_1__screen\Graphic_1_Presenter.cpp">
      <Filter>Source Files\gui\graphic_1__screen</Filter>
    </ClCompile>
    <ClCompile Include="..\..\gui\src\graphic_1__screen\Graphic_1_View.cpp">
      <Filter>Source Files\gui\graphic_1__screen</Filter>
    </ClCompile>
    <ClCompile Include="..\..\generated\gui_generated\src\graphic_1__screen\Graphic_1_ViewBase.cpp">
      <Filter>Source Files\generated\gui_generated\graphic_1__screen</Filter>
    </ClCompile>
    <ClCompile Include="..\..\gui\src\graphic_2__screen\Graphic_2_Presenter.cpp">
      <Filter>Source Files\gui\graphic_2__screen</Filter>
    </ClCompile>
    <ClCompile Include="..\..\gui\src\graphic_2__screen\Graphic_2_View.cpp">
      <Filter>Source Files\gui\graphic_2__screen</Filter>
    </ClCompile>
    <ClCompile Include="..\..\generated\gui_generated\src\graphic_2__screen\Graphic_2_ViewBase.cpp">
      <Filter>Source Files\generated\gui_generated\graphic_2__screen</Filter>
    </ClCompile>
    <ClCompile Include="..\..\gui\src\graphic_3__screen\Graphic_3_Presenter.cpp">
      <Filter>Source Files\gui\graphic_3__screen</Filter>
    </ClCompile>
    <ClCompile Include="..\..\gui\src\graphic_3__screen\Graphic_3_View.cpp">
      <Filter>Source Files\gui\graphic_3__screen</Filter>
    </ClCompile>
    <ClCompile Include="..\..\generated\gui_generated\src\graphic_3__screen\Graphic_3_ViewBase.cpp">
      <Filter>Source Files\generated\gui_generated\graphic_3__screen</Filter>
    </ClCompile>
    <ClCompile Include="..\..\gui\src\graphic_4__screen\Graphic_4_Presenter.cpp">
      <Filter>Source Files\gui\graphic_4__screen</Filter>
    </ClCompile>
    <ClCompile Include="..\..\gui\src\graphic_4__screen\Graphic_4_View.cpp">
      <Filter>Source Files\gui\graphic_4__screen</Filter>
    </ClCompile>
    <ClCompile Include="..\..\generated\gui_generated\src\graphic_4__screen\Graphic_4_ViewBase.cpp">
      <Filter>Source Files\generated\gui_generated\graphic_4__screen</Filter>
    </ClCompile>
    <ClCompile Include="..\..\gui\src\containers\cc_units.cpp">
      <Filter>Source Files\gui\containers</Filter>
    </ClCompile>
    <ClCompile Include="..\..\generated\gui_generated\src\containers\cc_unitsBase.cpp">
      <Filter>Source Files\generated\gui_generated\containers</Filter>
    </ClCompile>
    <ClCompile Include="..\..\gui\src\settings__screen\Settings_Presenter.cpp">
      <Filter>Source Files\gui\settings__screen</Filter>
    </ClCompile>
    <ClCompile Include="..\..\gui\src\settings__screen\Settings_View.cpp">
      <Filter>Source Files\gui\settings__screen</Filter>
    </ClCompile>
    <ClCompile Include="..\..\generated\gui_generated\src\settings__screen\Settings_ViewBase.cpp">
      <Filter>Source Files\generated\gui_generated\settings__screen</Filter>
    </ClCompile>
    <ClCompile Include="..\..\gui\src\containers\cc_typeAI.cpp">
      <Filter>Source Files\gui\containers</Filter>
    </ClCompile>
    <ClCompile Include="..\..\generated\gui_generated\src\containers\cc_typeAIBase.cpp">
      <Filter>Source Files\generated\gui_generated\containers</Filter>
    </ClCompile>
    <ClCompile Include="..\..\gui\src\containers\cc_unitsPure.cpp">
      <Filter>Source Files\gui\containers</Filter>
    </ClCompile>
    <ClCompile Include="..\..\generated\gui_generated\src\containers\cc_unitsPureBase.cpp">
      <Filter>Source Files\generated\gui_generated\containers</Filter>
    </ClCompile>
  </ItemGroup>
  <ItemGroup>
    <None Include="$(ApplicationRoot)\assets\texts\texts.xlsx">
      <Filter>Resource Files\assets\texts</Filter>
    </None>
    <None Include="$(ApplicationRoot)\config\msvs\Application.props">
      <Filter>Resource Files\config\msvs</Filter>
    </None>
  </ItemGroup>
  <ItemGroup>
    <ClInclude Include="$(TouchGFXReleasePath)\framework\include\common\AbstractPartition.hpp">
      <Filter>Header Files\TouchGFX\common</Filter>
    </ClInclude>
    <ClInclude Include="$(TouchGFXReleasePath)\framework\include\common\Meta.hpp">
      <Filter>Header Files\TouchGFX\common</Filter>
    </ClInclude>
    <ClInclude Include="$(TouchGFXReleasePath)\framework\include\common\Partition.hpp">
      <Filter>Header Files\TouchGFX\common</Filter>
    </ClInclude>
    <ClInclude Include="$(TouchGFXReleasePath)\framework\include\common\TouchGFXInit.hpp">
      <Filter>Header Files\TouchGFX\common</Filter>
    </ClInclude>
    <ClInclude Include="$(TouchGFXReleasePath)\framework\include\mvp\MVPApplication.hpp">
      <Filter>Header Files\TouchGFX\mvp</Filter>
    </ClInclude>
    <ClInclude Include="$(TouchGFXReleasePath)\framework\include\mvp\MVPHeap.hpp">
      <Filter>Header Files\TouchGFX\mvp</Filter>
    </ClInclude>
    <ClInclude Include="$(TouchGFXReleasePath)\framework\include\mvp\Presenter.hpp">
      <Filter>Header Files\TouchGFX\mvp</Filter>
    </ClInclude>
    <ClInclude Include="$(TouchGFXReleasePath)\framework\include\mvp\View.hpp">
      <Filter>Header Files\TouchGFX\mvp</Filter>
    </ClInclude>
    <ClInclude Include="$(TouchGFXReleasePath)\framework\include\platform\driver\lcd\LCD16bpp.hpp">
      <Filter>Header Files\TouchGFX\platform\driver\lcd</Filter>
    </ClInclude>
    <ClInclude Include="$(TouchGFXReleasePath)\framework\include\platform\driver\lcd\LCD1bpp.hpp">
      <Filter>Header Files\TouchGFX\platform\driver\lcd</Filter>
    </ClInclude>
    <ClInclude Include="$(TouchGFXReleasePath)\framework\include\platform\driver\lcd\LCD24bpp.hpp">
      <Filter>Header Files\TouchGFX\platform\driver\lcd</Filter>
    </ClInclude>
    <ClInclude Include="$(TouchGFXReleasePath)\framework\include\platform\driver\lcd\LCD2bpp.hpp">
      <Filter>Header Files\TouchGFX\platform\driver\lcd</Filter>
    </ClInclude>
    <ClInclude Include="$(TouchGFXReleasePath)\framework\include\platform\driver\lcd\LCD4bpp.hpp">
      <Filter>Header Files\TouchGFX\platform\driver\lcd</Filter>
    </ClInclude>
    <ClInclude Include="$(TouchGFXReleasePath)\framework\include\platform\driver\touch\SDL2TouchController.hpp">
      <Filter>Header Files\TouchGFX\platform\driver\touch</Filter>
    </ClInclude>
    <ClInclude Include="$(TouchGFXReleasePath)\framework\include\platform\hal\simulator\sdl2\HALSDL2.hpp">
      <Filter>Header Files\TouchGFX\platform\hal\simulator\sdl2</Filter>
    </ClInclude>
    <ClInclude Include="$(TouchGFXReleasePath)\framework\include\touchgfx\Application.hpp">
      <Filter>Header Files\TouchGFX\touchgfx</Filter>
    </ClInclude>
    <ClInclude Include="$(TouchGFXReleasePath)\framework\include\touchgfx\Bitmap.hpp">
      <Filter>Header Files\TouchGFX\touchgfx</Filter>
    </ClInclude>
    <ClInclude Include="$(TouchGFXReleasePath)\framework\include\touchgfx\Callback.hpp">
      <Filter>Header Files\TouchGFX\touchgfx</Filter>
    </ClInclude>
    <ClInclude Include="$(TouchGFXReleasePath)\framework\include\touchgfx\canvas_widget_renderer\CanvasWidgetRenderer.hpp">
      <Filter>Header Files\TouchGFX\touchgfx\canvas_widget_renderer</Filter>
    </ClInclude>
    <ClInclude Include="$(TouchGFXReleasePath)\framework\include\touchgfx\canvas_widget_renderer\Cell.hpp">
      <Filter>Header Files\TouchGFX\touchgfx\canvas_widget_renderer</Filter>
    </ClInclude>
    <ClInclude Include="$(TouchGFXReleasePath)\framework\include\touchgfx\canvas_widget_renderer\Outline.hpp">
      <Filter>Header Files\TouchGFX\touchgfx\canvas_widget_renderer</Filter>
    </ClInclude>
    <ClInclude Include="$(TouchGFXReleasePath)\framework\include\touchgfx\canvas_widget_renderer\Rasterizer.hpp">
      <Filter>Header Files\TouchGFX\touchgfx\canvas_widget_renderer</Filter>
    </ClInclude>
    <ClInclude Include="$(TouchGFXReleasePath)\framework\include\touchgfx\canvas_widget_renderer\Renderer.hpp">
      <Filter>Header Files\TouchGFX\touchgfx\canvas_widget_renderer</Filter>
    </ClInclude>
    <ClInclude Include="$(TouchGFXReleasePath)\framework\include\touchgfx\canvas_widget_renderer\RenderingBuffer.hpp">
      <Filter>Header Files\TouchGFX\touchgfx\canvas_widget_renderer</Filter>
    </ClInclude>
    <ClInclude Include="$(TouchGFXReleasePath)\framework\include\touchgfx\canvas_widget_renderer\RGBA8.hpp">
      <Filter>Header Files\TouchGFX\touchgfx\canvas_widget_renderer</Filter>
    </ClInclude>
    <ClInclude Include="$(TouchGFXReleasePath)\framework\include\touchgfx\canvas_widget_renderer\Scanline.hpp">
      <Filter>Header Files\TouchGFX\touchgfx\canvas_widget_renderer</Filter>
    </ClInclude>
    <ClInclude Include="$(TouchGFXReleasePath)\framework\include\touchgfx\Color.hpp">
      <Filter>Header Files\TouchGFX\touchgfx</Filter>
    </ClInclude>
    <ClInclude Include="$(TouchGFXReleasePath)\framework\include\touchgfx\ConstFont.hpp">
      <Filter>Header Files\TouchGFX\touchgfx</Filter>
    </ClInclude>
    <ClInclude Include="$(TouchGFXReleasePath)\framework\include\touchgfx\containers\clock\AbstractClock.hpp">
      <Filter>Header Files\TouchGFX\touchgfx\containers\clock</Filter>
    </ClInclude>
    <ClInclude Include="$(TouchGFXReleasePath)\framework\include\touchgfx\containers\clock\AnalogClock.hpp">
      <Filter>Header Files\TouchGFX\touchgfx\containers\clock</Filter>
    </ClInclude>
    <ClInclude Include="$(TouchGFXReleasePath)\framework\include\touchgfx\containers\clock\DigitalClock.hpp">
      <Filter>Header Files\TouchGFX\touchgfx\containers\clock</Filter>
    </ClInclude>
    <ClInclude Include="$(TouchGFXReleasePath)\framework\include\touchgfx\containers\Container.hpp">
      <Filter>Header Files\TouchGFX\touchgfx\containers</Filter>
    </ClInclude>
    <ClInclude Include="$(TouchGFXReleasePath)\framework\include\touchgfx\containers\ListLayout.hpp">
      <Filter>Header Files\TouchGFX\touchgfx\containers</Filter>
    </ClInclude>
    <ClInclude Include="$(TouchGFXReleasePath)\framework\include\touchgfx\containers\ModalWindow.hpp">
      <Filter>Header Files\TouchGFX\touchgfx\containers</Filter>
    </ClInclude>
    <ClInclude Include="$(TouchGFXReleasePath)\framework\include\touchgfx\containers\progress_indicators\AbstractDirectionProgress.hpp">
      <Filter>Header Files\TouchGFX\touchgfx\containers\progress_indicators</Filter>
    </ClInclude>
    <ClInclude Include="$(TouchGFXReleasePath)\framework\include\touchgfx\containers\progress_indicators\AbstractProgressIndicator.hpp">
      <Filter>Header Files\TouchGFX\touchgfx\containers\progress_indicators</Filter>
    </ClInclude>
    <ClInclude Include="$(TouchGFXReleasePath)\framework\include\touchgfx\containers\progress_indicators\BoxProgress.hpp">
      <Filter>Header Files\TouchGFX\touchgfx\containers\progress_indicators</Filter>
    </ClInclude>
    <ClInclude Include="$(TouchGFXReleasePath)\framework\include\touchgfx\containers\progress_indicators\CircleProgress.hpp">
      <Filter>Header Files\TouchGFX\touchgfx\containers\progress_indicators</Filter>
    </ClInclude>
    <ClInclude Include="$(TouchGFXReleasePath)\framework\include\touchgfx\containers\progress_indicators\ImageProgress.hpp">
      <Filter>Header Files\TouchGFX\touchgfx\containers\progress_indicators</Filter>
    </ClInclude>
    <ClInclude Include="$(TouchGFXReleasePath)\framework\include\touchgfx\containers\progress_indicators\LineProgress.hpp">
      <Filter>Header Files\TouchGFX\touchgfx\containers\progress_indicators</Filter>
    </ClInclude>
    <ClInclude Include="$(TouchGFXReleasePath)\framework\include\touchgfx\containers\progress_indicators\TextProgress.hpp">
      <Filter>Header Files\TouchGFX\touchgfx\containers\progress_indicators</Filter>
    </ClInclude>
    <ClInclude Include="$(TouchGFXReleasePath)\framework\include\touchgfx\containers\ScrollableContainer.hpp">
      <Filter>Header Files\TouchGFX\touchgfx\containers</Filter>
    </ClInclude>
    <ClInclude Include="$(TouchGFXReleasePath)\framework\include\touchgfx\containers\SlideMenu.hpp">
      <Filter>Header Files\TouchGFX\touchgfx\containers</Filter>
    </ClInclude>
    <ClInclude Include="$(TouchGFXReleasePath)\framework\include\touchgfx\containers\Slider.hpp">
      <Filter>Header Files\TouchGFX\touchgfx\containers</Filter>
    </ClInclude>
    <ClInclude Include="$(TouchGFXReleasePath)\framework\include\touchgfx\containers\ZoomAnimationImage.hpp">
      <Filter>Header Files\TouchGFX\touchgfx\containers</Filter>
    </ClInclude>
    <ClInclude Include="$(TouchGFXReleasePath)\framework\include\touchgfx\Drawable.hpp">
      <Filter>Header Files\TouchGFX\touchgfx</Filter>
    </ClInclude>
    <ClInclude Include="$(TouchGFXReleasePath)\framework\include\touchgfx\EasingEquations.hpp">
      <Filter>Header Files\TouchGFX\touchgfx</Filter>
    </ClInclude>
    <ClInclude Include="$(TouchGFXReleasePath)\framework\include\touchgfx\Event.hpp">
      <Filter>Header Files\TouchGFX\touchgfx</Filter>
    </ClInclude>
    <ClInclude Include="$(TouchGFXReleasePath)\framework\include\touchgfx\events\ClickEvent.hpp">
      <Filter>Header Files\TouchGFX\touchgfx\events</Filter>
    </ClInclude>
    <ClInclude Include="$(TouchGFXReleasePath)\framework\include\touchgfx\events\DragEvent.hpp">
      <Filter>Header Files\TouchGFX\touchgfx\events</Filter>
    </ClInclude>
    <ClInclude Include="$(TouchGFXReleasePath)\framework\include\touchgfx\events\GestureEvent.hpp">
      <Filter>Header Files\TouchGFX\touchgfx\events</Filter>
    </ClInclude>
    <ClInclude Include="$(TouchGFXReleasePath)\framework\include\touchgfx\Font.hpp">
      <Filter>Header Files\TouchGFX\touchgfx</Filter>
    </ClInclude>
    <ClInclude Include="$(TouchGFXReleasePath)\framework\include\touchgfx\FontManager.hpp">
      <Filter>Header Files\TouchGFX\touchgfx</Filter>
    </ClInclude>
    <ClInclude Include="$(TouchGFXReleasePath)\framework\include\touchgfx\hal\Atomic.hpp">
      <Filter>Header Files\TouchGFX\touchgfx\hal</Filter>
    </ClInclude>
    <ClInclude Include="$(TouchGFXReleasePath)\framework\include\touchgfx\hal\BlitOp.hpp">
      <Filter>Header Files\TouchGFX\touchgfx\hal</Filter>
    </ClInclude>
    <ClInclude Include="$(TouchGFXReleasePath)\framework\include\touchgfx\hal\BoardConfiguration.hpp">
      <Filter>Header Files\TouchGFX\touchgfx\hal</Filter>
    </ClInclude>
    <ClInclude Include="$(TouchGFXReleasePath)\framework\include\touchgfx\hal\Buttons.hpp">
      <Filter>Header Files\TouchGFX\touchgfx\hal</Filter>
    </ClInclude>
    <ClInclude Include="$(TouchGFXReleasePath)\framework\include\touchgfx\hal\Config.hpp">
      <Filter>Header Files\TouchGFX\touchgfx\hal</Filter>
    </ClInclude>
    <ClInclude Include="$(TouchGFXReleasePath)\framework\include\touchgfx\hal\DMA.hpp">
      <Filter>Header Files\TouchGFX\touchgfx\hal</Filter>
    </ClInclude>
    <ClInclude Include="$(TouchGFXReleasePath)\framework\include\touchgfx\hal\Gestures.hpp">
      <Filter>Header Files\TouchGFX\touchgfx\hal</Filter>
    </ClInclude>
    <ClInclude Include="$(TouchGFXReleasePath)\framework\include\touchgfx\hal\GPIO.hpp">
      <Filter>Header Files\TouchGFX\touchgfx\hal</Filter>
    </ClInclude>
    <ClInclude Include="$(TouchGFXReleasePath)\framework\include\touchgfx\hal\HAL.hpp">
      <Filter>Header Files\TouchGFX\touchgfx\hal</Filter>
    </ClInclude>
    <ClInclude Include="$(TouchGFXReleasePath)\framework\include\touchgfx\hal\LED.hpp">
      <Filter>Header Files\TouchGFX\touchgfx\hal</Filter>
    </ClInclude>
    <ClInclude Include="$(TouchGFXReleasePath)\framework\include\touchgfx\hal\NoDMA.hpp">
      <Filter>Header Files\TouchGFX\touchgfx\hal</Filter>
    </ClInclude>
    <ClInclude Include="$(TouchGFXReleasePath)\framework\include\touchgfx\hal\OSWrappers.hpp">
      <Filter>Header Files\TouchGFX\touchgfx\hal</Filter>
    </ClInclude>
    <ClInclude Include="$(TouchGFXReleasePath)\framework\include\touchgfx\hal\Types.hpp">
      <Filter>Header Files\TouchGFX\touchgfx\hal</Filter>
    </ClInclude>
    <ClInclude Include="$(TouchGFXReleasePath)\framework\include\touchgfx\InternalFlashFont.hpp">
      <Filter>Header Files\TouchGFX\touchgfx</Filter>
    </ClInclude>
    <ClInclude Include="$(TouchGFXReleasePath)\framework\include\touchgfx\JSMOCHelper.hpp">
      <Filter>Header Files\TouchGFX\touchgfx</Filter>
    </ClInclude>
    <ClInclude Include="$(TouchGFXReleasePath)\framework\include\touchgfx\lcd\LCD.hpp">
      <Filter>Header Files\TouchGFX\touchgfx\lcd</Filter>
    </ClInclude>
    <ClInclude Include="$(TouchGFXReleasePath)\framework\include\touchgfx\Math3D.hpp">
      <Filter>Header Files\TouchGFX\touchgfx</Filter>
    </ClInclude>
    <ClInclude Include="$(TouchGFXReleasePath)\framework\include\touchgfx\mixins\ClickListener.hpp">
      <Filter>Header Files\TouchGFX\touchgfx\mixins</Filter>
    </ClInclude>
    <ClInclude Include="$(TouchGFXReleasePath)\framework\include\touchgfx\mixins\Draggable.hpp">
      <Filter>Header Files\TouchGFX\touchgfx\mixins</Filter>
    </ClInclude>
    <ClInclude Include="$(TouchGFXReleasePath)\framework\include\touchgfx\mixins\FadeAnimator.hpp">
      <Filter>Header Files\TouchGFX\touchgfx\mixins</Filter>
    </ClInclude>
    <ClInclude Include="$(TouchGFXReleasePath)\framework\include\touchgfx\mixins\MoveAnimator.hpp">
      <Filter>Header Files\TouchGFX\touchgfx\mixins</Filter>
    </ClInclude>
    <ClInclude Include="$(TouchGFXReleasePath)\framework\include\touchgfx\mixins\PreRenderable.hpp">
      <Filter>Header Files\TouchGFX\touchgfx\mixins</Filter>
    </ClInclude>
    <ClInclude Include="$(TouchGFXReleasePath)\framework\include\touchgfx\mixins\Snapper.hpp">
      <Filter>Header Files\TouchGFX\touchgfx\mixins</Filter>
    </ClInclude>
    <ClInclude Include="$(TouchGFXReleasePath)\framework\include\touchgfx\Screen.hpp">
      <Filter>Header Files\TouchGFX\touchgfx</Filter>
    </ClInclude>
    <ClInclude Include="$(TouchGFXReleasePath)\framework\include\touchgfx\TextProvider.hpp">
      <Filter>Header Files\TouchGFX\touchgfx</Filter>
    </ClInclude>
    <ClInclude Include="$(TouchGFXReleasePath)\framework\include\touchgfx\Texts.hpp">
      <Filter>Header Files\TouchGFX\touchgfx</Filter>
    </ClInclude>
    <ClInclude Include="$(TouchGFXReleasePath)\framework\include\touchgfx\TextureMapTypes.hpp">
      <Filter>Header Files\TouchGFX\touchgfx</Filter>
    </ClInclude>
    <ClInclude Include="$(TouchGFXReleasePath)\framework\include\touchgfx\transforms\DisplayTransformation.hpp">
      <Filter>Header Files\TouchGFX\touchgfx\transforms</Filter>
    </ClInclude>
    <ClInclude Include="$(TouchGFXReleasePath)\framework\include\touchgfx\transforms\TouchCalibration.hpp">
      <Filter>Header Files\TouchGFX\touchgfx\transforms</Filter>
    </ClInclude>
    <ClInclude Include="$(TouchGFXReleasePath)\framework\include\touchgfx\transitions\NoTransition.hpp">
      <Filter>Header Files\TouchGFX\touchgfx\transitions</Filter>
    </ClInclude>
    <ClInclude Include="$(TouchGFXReleasePath)\framework\include\touchgfx\transitions\SlideTransition.hpp">
      <Filter>Header Files\TouchGFX\touchgfx\transitions</Filter>
    </ClInclude>
    <ClInclude Include="$(TouchGFXReleasePath)\framework\include\touchgfx\transitions\Transition.hpp">
      <Filter>Header Files\TouchGFX\touchgfx\transitions</Filter>
    </ClInclude>
    <ClInclude Include="$(TouchGFXReleasePath)\framework\include\touchgfx\TypedText.hpp">
      <Filter>Header Files\TouchGFX\touchgfx</Filter>
    </ClInclude>
    <ClInclude Include="$(TouchGFXReleasePath)\framework\include\touchgfx\UIEventListener.hpp">
      <Filter>Header Files\TouchGFX\touchgfx</Filter>
    </ClInclude>
    <ClInclude Include="$(TouchGFXReleasePath)\framework\include\touchgfx\Unicode.hpp">
      <Filter>Header Files\TouchGFX\touchgfx</Filter>
    </ClInclude>
    <ClInclude Include="$(TouchGFXReleasePath)\framework\include\touchgfx\Utils.hpp">
      <Filter>Header Files\TouchGFX\touchgfx</Filter>
    </ClInclude>
    <ClInclude Include="$(TouchGFXReleasePath)\framework\include\touchgfx\widgets\AbstractButton.hpp">
      <Filter>Header Files\TouchGFX\touchgfx\widgets</Filter>
    </ClInclude>
    <ClInclude Include="$(TouchGFXReleasePath)\framework\include\touchgfx\widgets\AnimatedImage.hpp">
      <Filter>Header Files\TouchGFX\touchgfx\widgets</Filter>
    </ClInclude>
    <ClInclude Include="$(TouchGFXReleasePath)\framework\include\touchgfx\widgets\AnimationTextureMapper.hpp">
      <Filter>Header Files\TouchGFX\touchgfx\widgets</Filter>
    </ClInclude>
    <ClInclude Include="$(TouchGFXReleasePath)\framework\include\touchgfx\widgets\Box.hpp">
      <Filter>Header Files\TouchGFX\touchgfx\widgets</Filter>
    </ClInclude>
    <ClInclude Include="$(TouchGFXReleasePath)\framework\include\touchgfx\widgets\Button.hpp">
      <Filter>Header Files\TouchGFX\touchgfx\widgets</Filter>
    </ClInclude>
    <ClInclude Include="$(TouchGFXReleasePath)\framework\include\touchgfx\widgets\ButtonWithIcon.hpp">
      <Filter>Header Files\TouchGFX\touchgfx\widgets</Filter>
    </ClInclude>
    <ClInclude Include="$(TouchGFXReleasePath)\framework\include\touchgfx\widgets\ButtonWithLabel.hpp">
      <Filter>Header Files\TouchGFX\touchgfx\widgets</Filter>
    </ClInclude>
    <ClInclude Include="$(TouchGFXReleasePath)\framework\include\touchgfx\widgets\canvas\AbstractPainter.hpp">
      <Filter>Header Files\TouchGFX\touchgfx\widgets\canvas</Filter>
    </ClInclude>
    <ClInclude Include="$(TouchGFXReleasePath)\framework\include\touchgfx\widgets\canvas\AbstractPainterBW.hpp">
      <Filter>Header Files\TouchGFX\touchgfx\widgets\canvas</Filter>
    </ClInclude>
    <ClInclude Include="$(TouchGFXReleasePath)\framework\include\touchgfx\widgets\canvas\AbstractPainterGRAY2.hpp">
      <Filter>Header Files\TouchGFX\touchgfx\widgets\canvas</Filter>
    </ClInclude>
    <ClInclude Include="$(TouchGFXReleasePath)\framework\include\touchgfx\widgets\canvas\AbstractPainterGRAY4.hpp">
      <Filter>Header Files\TouchGFX\touchgfx\widgets\canvas</Filter>
    </ClInclude>
    <ClInclude Include="$(TouchGFXReleasePath)\framework\include\touchgfx\widgets\canvas\AbstractPainterRGB565.hpp">
      <Filter>Header Files\TouchGFX\touchgfx\widgets\canvas</Filter>
    </ClInclude>
    <ClInclude Include="$(TouchGFXReleasePath)\framework\include\touchgfx\widgets\canvas\AbstractPainterRGB888.hpp">
      <Filter>Header Files\TouchGFX\touchgfx\widgets\canvas</Filter>
    </ClInclude>
    <ClInclude Include="$(TouchGFXReleasePath)\framework\include\touchgfx\widgets\canvas\AbstractShape.hpp">
      <Filter>Header Files\TouchGFX\touchgfx\widgets\canvas</Filter>
    </ClInclude>
    <ClInclude Include="$(TouchGFXReleasePath)\framework\include\touchgfx\widgets\canvas\Canvas.hpp">
      <Filter>Header Files\TouchGFX\touchgfx\widgets\canvas</Filter>
    </ClInclude>
    <ClInclude Include="$(TouchGFXReleasePath)\framework\include\touchgfx\widgets\canvas\CanvasWidget.hpp">
      <Filter>Header Files\TouchGFX\touchgfx\widgets\canvas</Filter>
    </ClInclude>
    <ClInclude Include="$(TouchGFXReleasePath)\framework\include\touchgfx\widgets\canvas\Circle.hpp">
      <Filter>Header Files\TouchGFX\touchgfx\widgets\canvas</Filter>
    </ClInclude>
    <ClInclude Include="$(TouchGFXReleasePath)\framework\include\touchgfx\widgets\canvas\CWRUtil.hpp">
      <Filter>Header Files\TouchGFX\touchgfx\widgets\canvas</Filter>
    </ClInclude>
    <ClInclude Include="$(TouchGFXReleasePath)\framework\include\touchgfx\widgets\canvas\Line.hpp">
      <Filter>Header Files\TouchGFX\touchgfx\widgets\canvas</Filter>
    </ClInclude>
    <ClInclude Include="$(TouchGFXReleasePath)\framework\include\touchgfx\widgets\canvas\PainterBW.hpp">
      <Filter>Header Files\TouchGFX\touchgfx\widgets\canvas</Filter>
    </ClInclude>
    <ClInclude Include="$(TouchGFXReleasePath)\framework\include\touchgfx\widgets\canvas\PainterGRAY2.hpp">
      <Filter>Header Files\TouchGFX\touchgfx\widgets\canvas</Filter>
    </ClInclude>
    <ClInclude Include="$(TouchGFXReleasePath)\framework\include\touchgfx\widgets\canvas\PainterGRAY2Bitmap.hpp">
      <Filter>Header Files\TouchGFX\touchgfx\widgets\canvas</Filter>
    </ClInclude>
    <ClInclude Include="$(TouchGFXReleasePath)\framework\include\touchgfx\widgets\canvas\PainterGRAY4.hpp">
      <Filter>Header Files\TouchGFX\touchgfx\widgets\canvas</Filter>
    </ClInclude>
    <ClInclude Include="$(TouchGFXReleasePath)\framework\include\touchgfx\widgets\canvas\PainterGRAY4Bitmap.hpp">
      <Filter>Header Files\TouchGFX\touchgfx\widgets\canvas</Filter>
    </ClInclude>
    <ClInclude Include="$(TouchGFXReleasePath)\framework\include\touchgfx\widgets\canvas\PainterRGB565.hpp">
      <Filter>Header Files\TouchGFX\touchgfx\widgets\canvas</Filter>
    </ClInclude>
    <ClInclude Include="$(TouchGFXReleasePath)\framework\include\touchgfx\widgets\canvas\PainterRGB565Bitmap.hpp">
      <Filter>Header Files\TouchGFX\touchgfx\widgets\canvas</Filter>
    </ClInclude>
    <ClInclude Include="$(TouchGFXReleasePath)\framework\include\touchgfx\widgets\canvas\PainterRGB888.hpp">
      <Filter>Header Files\TouchGFX\touchgfx\widgets\canvas</Filter>
    </ClInclude>
    <ClInclude Include="$(TouchGFXReleasePath)\framework\include\touchgfx\widgets\canvas\PainterRGB888Bitmap.hpp">
      <Filter>Header Files\TouchGFX\touchgfx\widgets\canvas</Filter>
    </ClInclude>
    <ClInclude Include="$(TouchGFXReleasePath)\framework\include\touchgfx\widgets\canvas\Shape.hpp">
      <Filter>Header Files\TouchGFX\touchgfx\widgets\canvas</Filter>
    </ClInclude>
    <ClInclude Include="$(TouchGFXReleasePath)\framework\include\touchgfx\widgets\Image.hpp">
      <Filter>Header Files\TouchGFX\touchgfx\widgets</Filter>
    </ClInclude>
    <ClInclude Include="$(TouchGFXReleasePath)\framework\include\touchgfx\widgets\Keyboard.hpp">
      <Filter>Header Files\TouchGFX\touchgfx\widgets</Filter>
    </ClInclude>
    <ClInclude Include="$(TouchGFXReleasePath)\framework\include\touchgfx\widgets\PixelDataWidget.hpp">
      <Filter>Header Files\TouchGFX\touchgfx\widgets</Filter>
    </ClInclude>
    <ClInclude Include="$(TouchGFXReleasePath)\framework\include\touchgfx\widgets\RadioButton.hpp">
      <Filter>Header Files\TouchGFX\touchgfx\widgets</Filter>
    </ClInclude>
    <ClInclude Include="$(TouchGFXReleasePath)\framework\include\touchgfx\widgets\RadioButtonGroup.hpp">
      <Filter>Header Files\TouchGFX\touchgfx\widgets</Filter>
    </ClInclude>
    <ClInclude Include="$(TouchGFXReleasePath)\framework\include\touchgfx\widgets\RepeatButton.hpp">
      <Filter>Header Files\TouchGFX\touchgfx\widgets</Filter>
    </ClInclude>
    <ClInclude Include="$(TouchGFXReleasePath)\framework\include\touchgfx\widgets\ScalableImage.hpp">
      <Filter>Header Files\TouchGFX\touchgfx\widgets</Filter>
    </ClInclude>
    <ClInclude Include="$(TouchGFXReleasePath)\framework\include\touchgfx\widgets\SnapshotWidget.hpp">
      <Filter>Header Files\TouchGFX\touchgfx\widgets</Filter>
    </ClInclude>
    <ClInclude Include="$(TouchGFXReleasePath)\framework\include\touchgfx\widgets\TextArea.hpp">
      <Filter>Header Files\TouchGFX\touchgfx\widgets</Filter>
    </ClInclude>
    <ClInclude Include="$(TouchGFXReleasePath)\framework\include\touchgfx\widgets\TextAreaWithWildcard.hpp">
      <Filter>Header Files\TouchGFX\touchgfx\widgets</Filter>
    </ClInclude>
    <ClInclude Include="$(TouchGFXReleasePath)\framework\include\touchgfx\widgets\TextureMapper.hpp">
      <Filter>Header Files\TouchGFX\touchgfx\widgets</Filter>
    </ClInclude>
    <ClInclude Include="$(TouchGFXReleasePath)\framework\include\touchgfx\widgets\TiledImage.hpp">
      <Filter>Header Files\TouchGFX\touchgfx\widgets</Filter>
    </ClInclude>
    <ClInclude Include="$(TouchGFXReleasePath)\framework\include\touchgfx\widgets\ToggleButton.hpp">
      <Filter>Header Files\TouchGFX\touchgfx\widgets</Filter>
    </ClInclude>
    <ClInclude Include="$(TouchGFXReleasePath)\framework\include\touchgfx\widgets\TouchArea.hpp">
      <Filter>Header Files\TouchGFX\touchgfx\widgets</Filter>
    </ClInclude>
    <ClInclude Include="$(TouchGFXReleasePath)\framework\include\touchgfx\widgets\Widget.hpp">
      <Filter>Header Files\TouchGFX\touchgfx\widgets</Filter>
    </ClInclude>
    <ClInclude Include="$(ApplicationRoot)\generated\simulator\include\simulator\mainBase.hpp">
      <Filter>Header Files\generated\simulator</Filter>
    </ClInclude>
    <ClInclude Include="..\..\gui\include\gui\common\FrontendApplication.hpp">
      <Filter>Header Files\gui\common</Filter>
    </ClInclude>
    <ClInclude Include="..\..\generated\gui_generated\include\gui_generated\common\FrontendApplicationBase.hpp">
      <Filter>Header Files\generated\gui_generated\common</Filter>
    </ClInclude>
    <ClInclude Include="..\..\gui\include\gui\common\FrontendHeap.hpp">
      <Filter>Header Files\gui\common</Filter>
    </ClInclude>
    <ClInclude Include="..\..\generated\gui_generated\include\gui_generated\common\FrontendHeapBase.hpp">
      <Filter>Header Files\generated\gui_generated\common</Filter>
    </ClInclude>
    <ClInclude Include="..\..\gui\include\gui\model\Model.hpp">
      <Filter>Header Files\gui\model</Filter>
    </ClInclude>
    <ClInclude Include="..\..\gui\include\gui\model\ModelListener.hpp">
      <Filter>Header Files\gui\model</Filter>
    </ClInclude>
    <ClInclude Include="..\..\generated\gui_generated\include\gui_generated\common\SimConstants.hpp">
      <Filter>Header Files\generated\gui_generated\common</Filter>
    </ClInclude>
    <ClInclude Include="..\..\gui\include\gui\analytics__screen\Analytics_Presenter.hpp">
      <Filter>Header Files\gui\analytics__screen</Filter>
    </ClInclude>
    <ClInclude Include="..\..\gui\include\gui\analytics__screen\Analytics_View.hpp">
      <Filter>Header Files\gui\analytics__screen</Filter>
    </ClInclude>
    <ClInclude Include="..\..\generated\gui_generated\include\gui_generated\analytics__screen\Analytics_ViewBase.hpp">
      <Filter>Header Files\generated\gui_generated\analytics__screen</Filter>
    </ClInclude>
    <ClInclude Include="..\..\gui\include\gui\control__screen\Control_Presenter.hpp">
      <Filter>Header Files\gui\control__screen</Filter>
    </ClInclude>
    <ClInclude Include="..\..\gui\include\gui\control__screen\Control_View.hpp">
      <Filter>Header Files\gui\control__screen</Filter>
    </ClInclude>
    <ClInclude Include="..\..\generated\gui_generated\include\gui_generated\control__screen\Control_ViewBase.hpp">
      <Filter>Header Files\generated\gui_generated\control__screen</Filter>
    </ClInclude>
    <ClInclude Include="..\..\gui\include\gui\discret__screen\Discret_Presenter.hpp">
      <Filter>Header Files\gui\discret__screen</Filter>
    </ClInclude>
    <ClInclude Include="..\..\gui\include\gui\discret__screen\Discret_View.hpp">
      <Filter>Header Files\gui\discret__screen</Filter>
    </ClInclude>
    <ClInclude Include="..\..\generated\gui_generated\include\gui_generated\discret__screen\Discret_ViewBase.hpp">
      <Filter>Header Files\generated\gui_generated\discret__screen</Filter>
    </ClInclude>
    <ClInclude Include="..\..\gui\include\gui\login__screen\Login_Presenter.hpp">
      <Filter>Header Files\gui\login__screen</Filter>
    </ClInclude>
    <ClInclude Include="..\..\gui\include\gui\login__screen\Login_View.hpp">
      <Filter>Header Files\gui\login__screen</Filter>
    </ClInclude>
    <ClInclude Include="..\..\generated\gui_generated\include\gui_generated\login__screen\Login_ViewBase.hpp">
      <Filter>Header Files\generated\gui_generated\login__screen</Filter>
    </ClInclude>
    <ClInclude Include="..\..\gui\include\gui\archive__screen\Archive_Presenter.hpp">
      <Filter>Header Files\gui\archive__screen</Filter>
    </ClInclude>
    <ClInclude Include="..\..\gui\include\gui\archive__screen\Archive_View.hpp">
      <Filter>Header Files\gui\archive__screen</Filter>
    </ClInclude>
    <ClInclude Include="..\..\generated\gui_generated\include\gui_generated\archive__screen\Archive_ViewBase.hpp">
      <Filter>Header Files\generated\gui_generated\archive__screen</Filter>
    </ClInclude>
    <ClInclude Include="..\..\gui\include\gui\graphic_1__screen\Graphic_1_Presenter.hpp">
      <Filter>Header Files\gui\graphic_1__screen</Filter>
    </ClInclude>
    <ClInclude Include="..\..\gui\include\gui\graphic_1__screen\Graphic_1_View.hpp">
      <Filter>Header Files\gui\graphic_1__screen</Filter>
    </ClInclude>
    <ClInclude Include="..\..\generated\gui_generated\include\gui_generated\graphic_1__screen\Graphic_1_ViewBase.hpp">
      <Filter>Header Files\generated\gui_generated\graphic_1__screen</Filter>
    </ClInclude>
    <ClInclude Include="..\..\gui\include\gui\graphic_2__screen\Graphic_2_Presenter.hpp">
      <Filter>Header Files\gui\graphic_2__screen</Filter>
    </ClInclude>
    <ClInclude Include="..\..\gui\include\gui\graphic_2__screen\Graphic_2_View.hpp">
      <Filter>Header Files\gui\graphic_2__screen</Filter>
    </ClInclude>
    <ClInclude Include="..\..\generated\gui_generated\include\gui_generated\graphic_2__screen\Graphic_2_ViewBase.hpp">
      <Filter>Header Files\generated\gui_generated\graphic_2__screen</Filter>
    </ClInclude>
    <ClInclude Include="..\..\gui\include\gui\graphic_3__screen\Graphic_3_Presenter.hpp">
      <Filter>Header Files\gui\graphic_3__screen</Filter>
    </ClInclude>
    <ClInclude Include="..\..\gui\include\gui\graphic_3__screen\Graphic_3_View.hpp">
      <Filter>Header Files\gui\graphic_3__screen</Filter>
    </ClInclude>
    <ClInclude Include="..\..\generated\gui_generated\include\gui_generated\graphic_3__screen\Graphic_3_ViewBase.hpp">
      <Filter>Header Files\generated\gui_generated\graphic_3__screen</Filter>
    </ClInclude>
    <ClInclude Include="..\..\gui\include\gui\graphic_4__screen\Graphic_4_Presenter.hpp">
      <Filter>Header Files\gui\graphic_4__screen</Filter>
    </ClInclude>
    <ClInclude Include="..\..\gui\include\gui\graphic_4__screen\Graphic_4_View.hpp">
      <Filter>Header Files\gui\graphic_4__screen</Filter>
    </ClInclude>
    <ClInclude Include="..\..\generated\gui_generated\include\gui_generated\graphic_4__screen\Graphic_4_ViewBase.hpp">
      <Filter>Header Files\generated\gui_generated\graphic_4__screen</Filter>
    </ClInclude>
    <ClInclude Include="..\..\gui\include\gui\containers\cc_units.hpp">
      <Filter>Header Files\gui\containers</Filter>
    </ClInclude>
    <ClInclude Include="..\..\generated\gui_generated\include\gui_generated\containers\cc_unitsBase.hpp">
      <Filter>Header Files\generated\gui_generated\containers</Filter>
    </ClInclude>
    <ClInclude Include="..\..\gui\include\gui\settings__screen\Settings_Presenter.hpp">
      <Filter>Header Files\gui\settings__screen</Filter>
    </ClInclude>
    <ClInclude Include="..\..\gui\include\gui\settings__screen\Settings_View.hpp">
      <Filter>Header Files\gui\settings__screen</Filter>
    </ClInclude>
    <ClInclude Include="..\..\generated\gui_generated\include\gui_generated\settings__screen\Settings_ViewBase.hpp">
      <Filter>Header Files\generated\gui_generated\settings__screen</Filter>
    </ClInclude>
    <ClInclude Include="..\..\gui\include\gui\containers\cc_typeAI.hpp">
      <Filter>Header Files\gui\containers</Filter>
    </ClInclude>
    <ClInclude Include="..\..\generated\gui_generated\include\gui_generated\containers\cc_typeAIBase.hpp">
      <Filter>Header Files\generated\gui_generated\containers</Filter>
    </ClInclude>
    <ClInclude Include="..\..\gui\include\gui\containers\cc_unitsPure.hpp">
      <Filter>Header Files\gui\containers</Filter>
    </ClInclude>
    <ClInclude Include="..\..\generated\gui_generated\include\gui_generated\containers\cc_unitsPureBase.hpp">
      <Filter>Header Files\generated\gui_generated\containers</Filter>
    </ClInclude>
  </ItemGroup>
  <ItemGroup>
    <ResourceCompile Include="$(ApplicationRoot)\generated\simulator\touchgfx.rc">
      <Filter>Resource Files</Filter>
    </ResourceCompile>
  </ItemGroup>
</Project>
